
Microsoft Visual Studio Solution File, Format Version 12.00
# Visual Studio Version 16
VisualStudioVersion = 16.0.30330.147
MinimumVisualStudioVersion = 10.0.40219.1
Project("{9A19103F-16F7-4668-BE54-9A1E7A4F7556}") = "WebProgramming", "WebProgramming\WebProgramming.csproj", "{EBABA789-0270-4F30-9048-D550FC078035}"
EndProject
Global
	GlobalSection(SolutionConfigurationPlatforms) = preSolution
		Debug|Any CPU = Debug|Any CPU
		Release|Any CPU = Release|Any CPU
	EndGlobalSection
	GlobalSection(ProjectConfigurationPlatforms) = postSolution
		{EBABA789-0270-4F30-9048-D550FC078035}.Debug|Any CPU.ActiveCfg = Debug|Any CPU
		{EBABA789-0270-4F30-9048-D550FC078035}.Debug|Any CPU.Build.0 = Debug|Any CPU
		{EBABA789-0270-4F30-9048-D550FC078035}.Release|Any CPU.ActiveCfg = Release|Any CPU
		{EBABA789-0270-4F30-9048-D550FC078035}.Release|Any CPU.Build.0 = Release|Any CPU
	EndGlobalSection
	GlobalSection(SolutionProperties) = preSolution
		HideSolutionNode = FALSE
	EndGlobalSection
	GlobalSection(ExtensibilityGlobals) = postSolution
		SolutionGuid = {89F8E595-E260-4DD6-9383-6AC61FE7ED03}
	EndGlobalSection
EndGlobal
